github.com/calmh/ipfix v1.3.0 h1:qfnATzkj3y4mIJwC6v8hEcNrYlZwk0h0TJhh3hIk2+A=
github.com/calmh/ipfix v1.3.0/go.mod h1:SAUw1QFQJRwoTnbJARdtKeAk3qCXWOAZekmgd3VKp70=
github.com/go-sql-driver/mysql v1.4.0 h1:7LxgVwFb2hIQtMm87NdgAVfXjnt4OePseqT1tKx+opk=
github.com/go-sql-driver/mysql v1.4.0/go.mod h1:zAC/RDZ24gD3HViQzih4MyKcchzm+sOG5ZlKdlhCg5w=
github.com/golang/mock v1.1.1 h1:G5FRp8JnTd7RQH5kemVNlMeyXQAztQ3mOWV95KxsXH8=
github.com/golang/mock v1.1.1/go.mod h1:oTYuIxOrZwtPieC+H1uAHpcLFnEyAGVDL/k47Jfbm0A=
github.com/hashicorp/golang-lru v0.5.0 h1:CL2msUPvZTLb5O648aiLNJw3hnBxN2+1Jq8rCOH9wdo=
github.com/hashicorp/golang-lru v0.5.0/go.mod h1:/m3WP610KZHVQ1SGc6re/UDhFvYD7pJ4Ao+sR/qLZy8=
github.com/kshvakov/clickhouse v1.3.4 h1:p/yqvOmeDRH+KyCH6NtwExelr4rimLBBfKW2a/wBN94=
github.com/kshvakov/clickhouse v1.3.4/go.mod h1:DMzX7FxRymoNkVgizH0DWAL8Cur7wHLgx3MUnGwJqpE=
github.com/lib/pq v1.0.0 h1:X5PMW56eZitiTeO7tKzZxFCSpbFZJtkMMooicw2us9A=
github.com/lib/pq v1.0.0/go.mod h1:5WUZQaWbwv1U+lTReE5YruASi9Al49XbQIvNi/34Woo=
github.com/mattn/go-sqlite3 v1.9.0 h1:pDRiWfl+++eC2FEFRy6jXmQlvp4Yh3z1MJKg4UeYM/4=
github.com/mattn/go-sqlite3 v1.9.0/go.mod h1:FPy6KqzDD04eiIsT53CuJW3U88zkxoIYsOqkbpncsNc=
github.com/oschwald/maxminddb-golang v1.3.0 h1:oTh8IBSj10S5JNlUDg5WjJ1QdBMdeaZIkPEVfESSWgE=
github.com/oschwald/maxminddb-golang v1.3.0/go.mod h1:3jhIUymTJ5VREKyIhWm66LJiQt04F0UCDdodShpjWsY=
github.com/pkg/errors v0.8.0 h1:WdK/asTD0HN+q6hsWO3/vpuAkAr+tw6aNJNDFFf0+qw=
github.com/pkg/errors v0.8.0/go.mod h1:bwawxfHBFNV+L2hUp1rHADufV3IMtnDRdf1r5NINEl0=
github.com/soniah/gosnmp v0.0.0-20180902041332-35d70ef64360 h1:SKnUbEjksJqcPU0XCSU1Xpm0e0IiCp8J/ElgE/0Q6CQ=
github.com/soniah/gosnmp v0.0.0-20180902041332-35d70ef64360/go.mod h1:2Tv1OISIqbjlOCmGzXl+hlZSAHsftdCWHLaLEezhwV8=
golang.org/x/net v0.0.0-20180921000356-2f5d2388922f h1:QM2QVxvDoW9PFSPp/zy9FgxJLfaWTZlS61KEPtBwacM=
golang.org/x/net v0.0.0-20180921000356-2f5d2388922f/go.mod h1:mL1N/T3taQHkDXs73rZJwtUhF3w3ftmwwsq0BUmARs4=
golang.org/x/sys v0.0.0-20180921163948-d47a0f339242 h1:5DYsa+ZAwcJHjuY0Qet390sUr7qwkpnRsUNjddyc0b8=
golang.org/x/sys v0.0.0-20180921163948-d47a0f339242/go.mod h1:STP8DvDyc/dI5b8T5hshtkjS+E42TnysNCUPdjciGhY=
